// !$*UTF8*$!
{
	archiveVersion = 1;
	classes = {
	};
	objectVersion = 77;
	objects = {

/* Begin PBXBuildFile section */
		2699BF8585C4C5D0C1C56C63 /* SessionManager.swift in Sources */ = {isa = PBXBuildFile; fileRef = 61D88FD1830C6C6C5EA7A099 /* SessionManager.swift */; };
		2E8D59C5D45B5E44683A6C27 /* NotificationManager.swift in Sources */ = {isa = PBXBuildFile; fileRef = 7089A3C2B68E95919A50A766 /* NotificationManager.swift */; };
		2FFA7CEC9661F6D08414B741 /* AppDelegate.swift in Sources */ = {isa = PBXBuildFile; fileRef = 9B1171B438E1DD87A894E5EC /* AppDelegate.swift */; };
		332302A3E2F6D4B11C33120F /* HeatmapView.swift in Sources */ = {isa = PBXBuildFile; fileRef = 58B594375F43C97A9B51EE2D /* HeatmapView.swift */; };
		3F71D0569E90E337D747AC78 /* FocusMethod.swift in Sources */ = {isa = PBXBuildFile; fileRef = 099BBF234A735A602A222F37 /* FocusMethod.swift */; };
		4352589DB660F096069FB5F1 /* MethodSelectionEngine.swift in Sources */ = {isa = PBXBuildFile; fileRef = 97FA5844EFB770BD9A293F22 /* MethodSelectionEngine.swift */; };
		4A467EAA4DF6218AB7049E2A /* InterruptionTracker.swift in Sources */ = {isa = PBXBuildFile; fileRef = 83591C6DFF52DBA40543E869 /* InterruptionTracker.swift */; };
		4D489ADB0328BF681B41D94B /* MethodSelectionEngine.swift in Sources */ = {isa = PBXBuildFile; fileRef = 97FA5844EFB770BD9A293F22 /* MethodSelectionEngine.swift */; };
		504B9630E03F4C8F4A0E7836 /* FocusSessionTests.swift in Sources */ = {isa = PBXBuildFile; fileRef = 2980B529959E8C49201CC5E8 /* FocusSessionTests.swift */; };
		5332CD4E48FC1E134629D61D /* HomeView.swift in Sources */ = {isa = PBXBuildFile; fileRef = 0D4AE2C7DD3DBF4F26E5DC6F /* HomeView.swift */; };
		54B480D1B25CE30603CBF68F /* MethodSelectionEngineTests.swift in Sources */ = {isa = PBXBuildFile; fileRef = D42BE3BBFBE4A5060AFB1BB7 /* MethodSelectionEngineTests.swift */; };
		554AE91BACA47AE9A1CCD275 /* HomeView.swift in Sources */ = {isa = PBXBuildFile; fileRef = 0D4AE2C7DD3DBF4F26E5DC6F /* HomeView.swift */; };
		56347472EC61D1F08F8C7D5A /* ProfileEngine.swift in Sources */ = {isa = PBXBuildFile; fileRef = 25E5D57E9B6B18D5BD018CEA /* ProfileEngine.swift */; };
		5A37059CB458E86D36157FD8 /* OnboardingView.swift in Sources */ = {isa = PBXBuildFile; fileRef = 3DC9EC4DD402336D2A6D337F /* OnboardingView.swift */; };
		5C83178AAFC73627522EB118 /* SummaryView.swift in Sources */ = {isa = PBXBuildFile; fileRef = 878CF3DF399F2F4189B357B1 /* SummaryView.swift */; };
		5CE771651A4C4476658177F6 /* FeedbackView.swift in Sources */ = {isa = PBXBuildFile; fileRef = 3C9392BD2F9B3C07944887E4 /* FeedbackView.swift */; };
		5F05FE1A55638A18F674ED75 /* AudioManager.swift in Sources */ = {isa = PBXBuildFile; fileRef = 4A455690B09739BF21DC5717 /* AudioManager.swift */; };
		60C1565C42A4C8A241BEC7E7 /* DailyCheckInView.swift in Sources */ = {isa = PBXBuildFile; fileRef = C50BD8F685C3E197EDB87292 /* DailyCheckInView.swift */; };
		6370B50C15F2DF4FBA729DD1 /* ReFocusApp.swift in Sources */ = {isa = PBXBuildFile; fileRef = 727638AFF29361D02D803697 /* ReFocusApp.swift */; };
		6A6BAC5E340A8C1B72EF4D68 /* FeedbackView.swift in Sources */ = {isa = PBXBuildFile; fileRef = 3C9392BD2F9B3C07944887E4 /* FeedbackView.swift */; };
		707DF2AE197B63EFB61E840B /* RootView.swift in Sources */ = {isa = PBXBuildFile; fileRef = 1AA59C9856AB3ADC362DD13C /* RootView.swift */; };
		71B94C6BF6AD0210DE96C2DE /* Typography.swift in Sources */ = {isa = PBXBuildFile; fileRef = 381A27CA9A14A4803C0736B2 /* Typography.swift */; };
		7B6422C651847D7D3205EB40 /* MethodPickerView.swift in Sources */ = {isa = PBXBuildFile; fileRef = BD443658363DF8E0DA1076AB /* MethodPickerView.swift */; };
		803C60C780928975969F50F2 /* ProfileType.swift in Sources */ = {isa = PBXBuildFile; fileRef = 9B3AB5935958A0A4EFB24179 /* ProfileType.swift */; };
		83C5BD01A6227B13D0C5EDA3 /* HapticManager.swift in Sources */ = {isa = PBXBuildFile; fileRef = A67A92BC2790981CC51B0755 /* HapticManager.swift */; };
		84B22F2F3D838EA40CDF930B /* Colors.swift in Sources */ = {isa = PBXBuildFile; fileRef = 9A89249D301328976AA9531E /* Colors.swift */; };
		857B2E44E7546DF78F8CC599 /* HapticManager.swift in Sources */ = {isa = PBXBuildFile; fileRef = A67A92BC2790981CC51B0755 /* HapticManager.swift */; };
		8A96552D1D2905237F914AC7 /* SummaryView.swift in Sources */ = {isa = PBXBuildFile; fileRef = 878CF3DF399F2F4189B357B1 /* SummaryView.swift */; };
		8B59BDF6195625B529149D45 /* OrientationManager.swift in Sources */ = {isa = PBXBuildFile; fileRef = 107BD8507C847B2406AB863A /* OrientationManager.swift */; };
		8C5566379B96A2D37B5BFFD8 /* RootView.swift in Sources */ = {isa = PBXBuildFile; fileRef = 1AA59C9856AB3ADC362DD13C /* RootView.swift */; };
		8D3D794C7C67DE7EA47AE4AB /* ProfileEngineTests.swift in Sources */ = {isa = PBXBuildFile; fileRef = 15D185B077A59C55A14C6AF3 /* ProfileEngineTests.swift */; };
		90194A36361187DE36164AA8 /* FocusView.swift in Sources */ = {isa = PBXBuildFile; fileRef = 64869EC17B1DADC477235D98 /* FocusView.swift */; };
		91577DE5ED4FE172F39516BF /* DailyCheckInView.swift in Sources */ = {isa = PBXBuildFile; fileRef = C50BD8F685C3E197EDB87292 /* DailyCheckInView.swift */; };
		9BF123671A8E671EF667AD75 /* FocusSession.swift in Sources */ = {isa = PBXBuildFile; fileRef = 0B2F642A0B008063A66CE061 /* FocusSession.swift */; };
		AD0AE30D5FFC4E3F811BCBCA /* AudioManager.swift in Sources */ = {isa = PBXBuildFile; fileRef = 4A455690B09739BF21DC5717 /* AudioManager.swift */; };
		ADBB92A26915364AA530CD0C /* Assets.xcassets in Resources */ = {isa = PBXBuildFile; fileRef = B4B8E3773F939123E5ECD6A6 /* Assets.xcassets */; };
		B03ADF20BB18F007C8930117 /* OnboardingView.swift in Sources */ = {isa = PBXBuildFile; fileRef = 3DC9EC4DD402336D2A6D337F /* OnboardingView.swift */; };
		B343820E22EAED0422197C1D /* ReFocusApp.swift in Sources */ = {isa = PBXBuildFile; fileRef = 727638AFF29361D02D803697 /* ReFocusApp.swift */; };
		B78E32F3F9E3B86D8D415220 /* MethodPickerView.swift in Sources */ = {isa = PBXBuildFile; fileRef = BD443658363DF8E0DA1076AB /* MethodPickerView.swift */; };
		B7AB272ECAF1FD664B46A294 /* NotificationManager.swift in Sources */ = {isa = PBXBuildFile; fileRef = 7089A3C2B68E95919A50A766 /* NotificationManager.swift */; };
		BEF575C93347A6DF42B66C61 /* FocusSession.swift in Sources */ = {isa = PBXBuildFile; fileRef = 0B2F642A0B008063A66CE061 /* FocusSession.swift */; };
		C7F4F44EAC426D520184051D /* FocusView.swift in Sources */ = {isa = PBXBuildFile; fileRef = 64869EC17B1DADC477235D98 /* FocusView.swift */; };
		CAC535BBEC12F15DFCF75C3F /* SessionManager.swift in Sources */ = {isa = PBXBuildFile; fileRef = 61D88FD1830C6C6C5EA7A099 /* SessionManager.swift */; };
		CCFB3EBA2BC609ED63DF6B25 /* HeatmapView.swift in Sources */ = {isa = PBXBuildFile; fileRef = 58B594375F43C97A9B51EE2D /* HeatmapView.swift */; };
		CEE7E61BBBAA598587E7BC96 /* ProfileEngine.swift in Sources */ = {isa = PBXBuildFile; fileRef = 25E5D57E9B6B18D5BD018CEA /* ProfileEngine.swift */; };
		D0232C5CE3D03626898CABDA /* BreakView.swift in Sources */ = {isa = PBXBuildFile; fileRef = 159DA45B0DB1080EB3E6C298 /* BreakView.swift */; };
		D726C9EE7568F2AEE82CEA85 /* Colors.swift in Sources */ = {isa = PBXBuildFile; fileRef = 9A89249D301328976AA9531E /* Colors.swift */; };
		DC063FA73C3380F9814BEF93 /* OrientationManager.swift in Sources */ = {isa = PBXBuildFile; fileRef = 107BD8507C847B2406AB863A /* OrientationManager.swift */; };
		DCB6A5850B915268E8A9B1C6 /* Typography.swift in Sources */ = {isa = PBXBuildFile; fileRef = 381A27CA9A14A4803C0736B2 /* Typography.swift */; };
		DFAC1C5C5117BB137F7AD996 /* InterruptionTracker.swift in Sources */ = {isa = PBXBuildFile; fileRef = 83591C6DFF52DBA40543E869 /* InterruptionTracker.swift */; };
		E70F6F196179338B5CA69DF8 /* AppDelegate.swift in Sources */ = {isa = PBXBuildFile; fileRef = 9B1171B438E1DD87A894E5EC /* AppDelegate.swift */; };
		E8C5086686ECB0ECC89F7325 /* BreakView.swift in Sources */ = {isa = PBXBuildFile; fileRef = 159DA45B0DB1080EB3E6C298 /* BreakView.swift */; };
		F102B5C4F4E050E5F5BDD834 /* FocusMethod.swift in Sources */ = {isa = PBXBuildFile; fileRef = 099BBF234A735A602A222F37 /* FocusMethod.swift */; };
		F2408338C9D36B1F51EBCC9F /* Assets.xcassets in Resources */ = {isa = PBXBuildFile; fileRef = B4B8E3773F939123E5ECD6A6 /* Assets.xcassets */; };
		F9AEAB157D3B7FEF0BD6BE57 /* InterruptionTrackerTests.swift in Sources */ = {isa = PBXBuildFile; fileRef = 2DE14B3849F621A8BAF259DF /* InterruptionTrackerTests.swift */; };
		FCB2B024A4478F23E5C7E20D /* ProfileType.swift in Sources */ = {isa = PBXBuildFile; fileRef = 9B3AB5935958A0A4EFB24179 /* ProfileType.swift */; };
/* End PBXBuildFile section */

/* Begin PBXContainerItemProxy section */
		5A0FDCFB476687FDFA5BC62D /* PBXContainerItemProxy */ = {
			isa = PBXContainerItemProxy;
			containerPortal = F8FFB5F7CC2262CA38969DFF /* Project object */;
			proxyType = 1;
			remoteGlobalIDString = C0DF35E7419B4D1018B5C66F;
			remoteInfo = ReFocus_iOS;
		};
/* End PBXContainerItemProxy section */

/* Begin PBXFileReference section */
		099BBF234A735A602A222F37 /* FocusMethod.swift */ = {isa = PBXFileReference; lastKnownFileType = sourcecode.swift; path = FocusMethod.swift; sourceTree = "<group>"; };
		0B2F642A0B008063A66CE061 /* FocusSession.swift */ = {isa = PBXFileReference; lastKnownFileType = sourcecode.swift; path = FocusSession.swift; sourceTree = "<group>"; };
		0D4AE2C7DD3DBF4F26E5DC6F /* HomeView.swift */ = {isa = PBXFileReference; lastKnownFileType = sourcecode.swift; path = HomeView.swift; sourceTree = "<group>"; };
		107BD8507C847B2406AB863A /* OrientationManager.swift */ = {isa = PBXFileReference; lastKnownFileType = sourcecode.swift; path = OrientationManager.swift; sourceTree = "<group>"; };
		159DA45B0DB1080EB3E6C298 /* BreakView.swift */ = {isa = PBXFileReference; lastKnownFileType = sourcecode.swift; path = BreakView.swift; sourceTree = "<group>"; };
		15D185B077A59C55A14C6AF3 /* ProfileEngineTests.swift */ = {isa = PBXFileReference; lastKnownFileType = sourcecode.swift; path = ProfileEngineTests.swift; sourceTree = "<group>"; };
		1AA59C9856AB3ADC362DD13C /* RootView.swift */ = {isa = PBXFileReference; lastKnownFileType = sourcecode.swift; path = RootView.swift; sourceTree = "<group>"; };
		203B641E94CD2BCFBC88A42D /* ReFocusTests.xctest */ = {isa = PBXFileReference; includeInIndex = 0; lastKnownFileType = wrapper.cfbundle; path = ReFocusTests.xctest; sourceTree = BUILT_PRODUCTS_DIR; };
		25E5D57E9B6B18D5BD018CEA /* ProfileEngine.swift */ = {isa = PBXFileReference; lastKnownFileType = sourcecode.swift; path = ProfileEngine.swift; sourceTree = "<group>"; };
		2980B529959E8C49201CC5E8 /* FocusSessionTests.swift */ = {isa = PBXFileReference; lastKnownFileType = sourcecode.swift; path = FocusSessionTests.swift; sourceTree = "<group>"; };
		2DE14B3849F621A8BAF259DF /* InterruptionTrackerTests.swift */ = {isa = PBXFileReference; lastKnownFileType = sourcecode.swift; path = InterruptionTrackerTests.swift; sourceTree = "<group>"; };
		381A27CA9A14A4803C0736B2 /* Typography.swift */ = {isa = PBXFileReference; lastKnownFileType = sourcecode.swift; path = Typography.swift; sourceTree = "<group>"; };
		3C02966CAD24CE200876E2F7 /* Info.plist */ = {isa = PBXFileReference; lastKnownFileType = text.plist; path = Info.plist; sourceTree = "<group>"; };
		3C9392BD2F9B3C07944887E4 /* FeedbackView.swift */ = {isa = PBXFileReference; lastKnownFileType = sourcecode.swift; path = FeedbackView.swift; sourceTree = "<group>"; };
		3DC9EC4DD402336D2A6D337F /* OnboardingView.swift */ = {isa = PBXFileReference; lastKnownFileType = sourcecode.swift; path = OnboardingView.swift; sourceTree = "<group>"; };
		4A455690B09739BF21DC5717 /* AudioManager.swift */ = {isa = PBXFileReference; lastKnownFileType = sourcecode.swift; path = AudioManager.swift; sourceTree = "<group>"; };
		58B594375F43C97A9B51EE2D /* HeatmapView.swift */ = {isa = PBXFileReference; lastKnownFileType = sourcecode.swift; path = HeatmapView.swift; sourceTree = "<group>"; };
		61D88FD1830C6C6C5EA7A099 /* SessionManager.swift */ = {isa = PBXFileReference; lastKnownFileType = sourcecode.swift; path = SessionManager.swift; sourceTree = "<group>"; };
		64869EC17B1DADC477235D98 /* FocusView.swift */ = {isa = PBXFileReference; lastKnownFileType = sourcecode.swift; path = FocusView.swift; sourceTree = "<group>"; };
		7089A3C2B68E95919A50A766 /* NotificationManager.swift */ = {isa = PBXFileReference; lastKnownFileType = sourcecode.swift; path = NotificationManager.swift; sourceTree = "<group>"; };
		727638AFF29361D02D803697 /* ReFocusApp.swift */ = {isa = PBXFileReference; lastKnownFileType = sourcecode.swift; path = ReFocusApp.swift; sourceTree = "<group>"; };
		83591C6DFF52DBA40543E869 /* InterruptionTracker.swift */ = {isa = PBXFileReference; lastKnownFileType = sourcecode.swift; path = InterruptionTracker.swift; sourceTree = "<group>"; };
		878CF3DF399F2F4189B357B1 /* SummaryView.swift */ = {isa = PBXFileReference; lastKnownFileType = sourcecode.swift; path = SummaryView.swift; sourceTree = "<group>"; };
		90085EA79A00DA35B73B6C21 /* ReFocus.app */ = {isa = PBXFileReference; explicitFileType = wrapper.application; includeInIndex = 0; path = ReFocus.app; sourceTree = BUILT_PRODUCTS_DIR; };
		90DD4A35A7318251201C11B7 /* ReFocus.app */ = {isa = PBXFileReference; includeInIndex = 0; lastKnownFileType = wrapper.application; path = ReFocus.app; sourceTree = BUILT_PRODUCTS_DIR; };
		97FA5844EFB770BD9A293F22 /* MethodSelectionEngine.swift */ = {isa = PBXFileReference; lastKnownFileType = sourcecode.swift; path = MethodSelectionEngine.swift; sourceTree = "<group>"; };
		9A89249D301328976AA9531E /* Colors.swift */ = {isa = PBXFileReference; lastKnownFileType = sourcecode.swift; path = Colors.swift; sourceTree = "<group>"; };
		9B1171B438E1DD87A894E5EC /* AppDelegate.swift */ = {isa = PBXFileReference; lastKnownFileType = sourcecode.swift; path = AppDelegate.swift; sourceTree = "<group>"; };
		9B3AB5935958A0A4EFB24179 /* ProfileType.swift */ = {isa = PBXFileReference; lastKnownFileType = sourcecode.swift; path = ProfileType.swift; sourceTree = "<group>"; };
		A67A92BC2790981CC51B0755 /* HapticManager.swift */ = {isa = PBXFileReference; lastKnownFileType = sourcecode.swift; path = HapticManager.swift; sourceTree = "<group>"; };
		B4B8E3773F939123E5ECD6A6 /* Assets.xcassets */ = {isa = PBXFileReference; lastKnownFileType = folder.assetcatalog; path = Assets.xcassets; sourceTree = "<group>"; };
		BD443658363DF8E0DA1076AB /* MethodPickerView.swift */ = {isa = PBXFileReference; lastKnownFileType = sourcecode.swift; path = MethodPickerView.swift; sourceTree = "<group>"; };
		C50BD8F685C3E197EDB87292 /* DailyCheckInView.swift */ = {isa = PBXFileReference; lastKnownFileType = sourcecode.swift; path = DailyCheckInView.swift; sourceTree = "<group>"; };
		D42BE3BBFBE4A5060AFB1BB7 /* MethodSelectionEngineTests.swift */ = {isa = PBXFileReference; lastKnownFileType = sourcecode.swift; path = MethodSelectionEngineTests.swift; sourceTree = "<group>"; };
/* End PBXFileReference section */

/* Begin PBXGroup section */
		04E232A290E30B02E5BEF162 /* Design */ = {
			isa = PBXGroup;
			children = (
				9A89249D301328976AA9531E /* Colors.swift */,
				381A27CA9A14A4803C0736B2 /* Typography.swift */,
			);
			path = Design;
			sourceTree = "<group>";
		};
		235517BD58804DBE1B4378A6 /* Home */ = {
			isa = PBXGroup;
			children = (
				C50BD8F685C3E197EDB87292 /* DailyCheckInView.swift */,
				0D4AE2C7DD3DBF4F26E5DC6F /* HomeView.swift */,
				BD443658363DF8E0DA1076AB /* MethodPickerView.swift */,
			);
			path = Home;
			sourceTree = "<group>";
		};
		2E7CD58E7E6100DF82CFADC5 /* ReFocus */ = {
			isa = PBXGroup;
			children = (
				3C02966CAD24CE200876E2F7 /* Info.plist */,
				F310F7DBEB27291FB5FBB955 /* App */,
				CE4B60D7C710125A2710AFFD /* Core */,
				04E232A290E30B02E5BEF162 /* Design */,
				F2F7845604BE271E5DD61A31 /* Resources */,
				AA71C577954A193E80BFF0D0 /* Utils */,
				BB69CE8859BDF08C51309175 /* Views */,
			);
			name = ReFocus;
			path = Sources/ReFocus;
			sourceTree = "<group>";
		};
		3277A6A5F28190FA9162E534 /* MethodSelection */ = {
			isa = PBXGroup;
			children = (
				97FA5844EFB770BD9A293F22 /* MethodSelectionEngine.swift */,
			);
			path = MethodSelection;
			sourceTree = "<group>";
		};
		32B52BBC9A3B9E9AEE566ABC /* Focus */ = {
			isa = PBXGroup;
			children = (
				64869EC17B1DADC477235D98 /* FocusView.swift */,
			);
			path = Focus;
			sourceTree = "<group>";
		};
		4782AABB6272CBF3E7B84BEA = {
			isa = PBXGroup;
			children = (
				2E7CD58E7E6100DF82CFADC5 /* ReFocus */,
				B2365F33E11A14A074A45B5C /* ReFocusTests */,
				50BB6E3738E25B831AE20095 /* Products */,
			);
			sourceTree = "<group>";
		};
		50BB6E3738E25B831AE20095 /* Products */ = {
			isa = PBXGroup;
			children = (
				90DD4A35A7318251201C11B7 /* ReFocus.app */,
				90085EA79A00DA35B73B6C21 /* ReFocus.app */,
				203B641E94CD2BCFBC88A42D /* ReFocusTests.xctest */,
			);
			name = Products;
			sourceTree = "<group>";
		};
		623FE6D207A0B5BAB8FCA950 /* Session */ = {
			isa = PBXGroup;
			children = (
				61D88FD1830C6C6C5EA7A099 /* SessionManager.swift */,
			);
			path = Session;
			sourceTree = "<group>";
		};
		748B2CF9CE7F2DC287D619E0 /* Summary */ = {
			isa = PBXGroup;
			children = (
				58B594375F43C97A9B51EE2D /* HeatmapView.swift */,
				878CF3DF399F2F4189B357B1 /* SummaryView.swift */,
			);
			path = Summary;
			sourceTree = "<group>";
		};
		9648B980E5B21C3F9862E001 /* Feedback */ = {
			isa = PBXGroup;
			children = (
				3C9392BD2F9B3C07944887E4 /* FeedbackView.swift */,
			);
			path = Feedback;
			sourceTree = "<group>";
		};
		9F870673C2F569FCA820922A /* Models */ = {
			isa = PBXGroup;
			children = (
				099BBF234A735A602A222F37 /* FocusMethod.swift */,
				0B2F642A0B008063A66CE061 /* FocusSession.swift */,
				9B3AB5935958A0A4EFB24179 /* ProfileType.swift */,
			);
			path = Models;
			sourceTree = "<group>";
		};
		A78937FAC30D645DE6258ACD /* Break */ = {
			isa = PBXGroup;
			children = (
				159DA45B0DB1080EB3E6C298 /* BreakView.swift */,
			);
			path = Break;
			sourceTree = "<group>";
		};
		AA71C577954A193E80BFF0D0 /* Utils */ = {
			isa = PBXGroup;
			children = (
				4A455690B09739BF21DC5717 /* AudioManager.swift */,
				A67A92BC2790981CC51B0755 /* HapticManager.swift */,
				7089A3C2B68E95919A50A766 /* NotificationManager.swift */,
				107BD8507C847B2406AB863A /* OrientationManager.swift */,
			);
			path = Utils;
			sourceTree = "<group>";
		};
		B2365F33E11A14A074A45B5C /* ReFocusTests */ = {
			isa = PBXGroup;
			children = (
				2980B529959E8C49201CC5E8 /* FocusSessionTests.swift */,
				2DE14B3849F621A8BAF259DF /* InterruptionTrackerTests.swift */,
				D42BE3BBFBE4A5060AFB1BB7 /* MethodSelectionEngineTests.swift */,
				15D185B077A59C55A14C6AF3 /* ProfileEngineTests.swift */,
			);
			name = ReFocusTests;
			path = Tests/ReFocusTests;
			sourceTree = "<group>";
		};
		B3A6F6FFF1F7BEF4D30705B7 /* Onboarding */ = {
			isa = PBXGroup;
			children = (
				3DC9EC4DD402336D2A6D337F /* OnboardingView.swift */,
			);
			path = Onboarding;
			sourceTree = "<group>";
		};
		BB69CE8859BDF08C51309175 /* Views */ = {
			isa = PBXGroup;
			children = (
				A78937FAC30D645DE6258ACD /* Break */,
				9648B980E5B21C3F9862E001 /* Feedback */,
				32B52BBC9A3B9E9AEE566ABC /* Focus */,
				235517BD58804DBE1B4378A6 /* Home */,
				B3A6F6FFF1F7BEF4D30705B7 /* Onboarding */,
				748B2CF9CE7F2DC287D619E0 /* Summary */,
			);
			path = Views;
			sourceTree = "<group>";
		};
		C8B40D1C27E46219551ADFED /* Profile */ = {
			isa = PBXGroup;
			children = (
				25E5D57E9B6B18D5BD018CEA /* ProfileEngine.swift */,
			);
			path = Profile;
			sourceTree = "<group>";
		};
		CE4B60D7C710125A2710AFFD /* Core */ = {
			isa = PBXGroup;
			children = (
				E9990CB158C8BCDA5F2EF475 /* Interruption */,
				3277A6A5F28190FA9162E534 /* MethodSelection */,
				9F870673C2F569FCA820922A /* Models */,
				C8B40D1C27E46219551ADFED /* Profile */,
				623FE6D207A0B5BAB8FCA950 /* Session */,
			);
			path = Core;
			sourceTree = "<group>";
		};
		E9990CB158C8BCDA5F2EF475 /* Interruption */ = {
			isa = PBXGroup;
			children = (
				83591C6DFF52DBA40543E869 /* InterruptionTracker.swift */,
			);
			path = Interruption;
			sourceTree = "<group>";
		};
		F2F7845604BE271E5DD61A31 /* Resources */ = {
			isa = PBXGroup;
			children = (
				B4B8E3773F939123E5ECD6A6 /* Assets.xcassets */,
			);
			path = Resources;
			sourceTree = "<group>";
		};
		F310F7DBEB27291FB5FBB955 /* App */ = {
			isa = PBXGroup;
			children = (
				9B1171B438E1DD87A894E5EC /* AppDelegate.swift */,
				727638AFF29361D02D803697 /* ReFocusApp.swift */,
				1AA59C9856AB3ADC362DD13C /* RootView.swift */,
			);
			path = App;
			sourceTree = "<group>";
		};
/* End PBXGroup section */

/* Begin PBXNativeTarget section */
		5196EFFBBE3FE97491817811 /* ReFocusTests */ = {
			isa = PBXNativeTarget;
			buildConfigurationList = AE4E3DF258D8386A78D117D1 /* Build configuration list for PBXNativeTarget "ReFocusTests" */;
			buildPhases = (
				AF375BC7F4439A2CBEBCF5F3 /* Sources */,
			);
			buildRules = (
			);
			dependencies = (
				B2DD22EDE85AC8C4BC91CE16 /* PBXTargetDependency */,
			);
			name = ReFocusTests;
			packageProductDependencies = (
			);
			productName = ReFocusTests;
			productReference = 203B641E94CD2BCFBC88A42D /* ReFocusTests.xctest */;
			productType = "com.apple.product-type.bundle.unit-test";
		};
		C0DF35E7419B4D1018B5C66F /* ReFocus_iOS */ = {
			isa = PBXNativeTarget;
			buildConfigurationList = 97CF4658E3CB4CDA61D5944C /* Build configuration list for PBXNativeTarget "ReFocus_iOS" */;
			buildPhases = (
				AF7027F0FF567BA4B5D4D413 /* Sources */,
				2B2A1575ED7C28C575E1193D /* Resources */,
			);
			buildRules = (
			);
			dependencies = (
			);
			name = ReFocus_iOS;
			packageProductDependencies = (
			);
			productName = ReFocus_iOS;
			productReference = 90DD4A35A7318251201C11B7 /* ReFocus.app */;
			productType = "com.apple.product-type.application";
		};
		FD40D62D35FE4132115B8688 /* ReFocus_macOS */ = {
			isa = PBXNativeTarget;
			buildConfigurationList = 0146B8AE0FC13BAC70F8424C /* Build configuration list for PBXNativeTarget "ReFocus_macOS" */;
			buildPhases = (
				30413C467754DC3AEFF3EC07 /* Sources */,
				C5C947BBD15AAA8FFA4568E5 /* Resources */,
			);
			buildRules = (
			);
			dependencies = (
			);
			name = ReFocus_macOS;
			packageProductDependencies = (
			);
			productName = ReFocus_macOS;
			productReference = 90085EA79A00DA35B73B6C21 /* ReFocus.app */;
			productType = "com.apple.product-type.application";
		};
/* End PBXNativeTarget section */

/* Begin PBXProject section */
		F8FFB5F7CC2262CA38969DFF /* Project object */ = {
			isa = PBXProject;
			attributes = {
				BuildIndependentTargetsInParallel = YES;
				LastUpgradeCheck = 1430;
				TargetAttributes = {
					C0DF35E7419B4D1018B5C66F = {
						DevelopmentTeam = "";
						ProvisioningStyle = Automatic;
					};
					FD40D62D35FE4132115B8688 = {
						DevelopmentTeam = "";
						ProvisioningStyle = Automatic;
					};
				};
			};
			buildConfigurationList = 1794D54717BB0BA5899AADA4 /* Build configuration list for PBXProject "ReFocus" */;
			compatibilityVersion = "Xcode 14.0";
			developmentRegion = en;
			hasScannedForEncodings = 0;
			knownRegions = (
				Base,
				en,
			);
			mainGroup = 4782AABB6272CBF3E7B84BEA;
			minimizedProjectReferenceProxies = 1;
			preferredProjectObjectVersion = 77;
			projectDirPath = "";
			projectRoot = "";
			targets = (
				5196EFFBBE3FE97491817811 /* ReFocusTests */,
				C0DF35E7419B4D1018B5C66F /* ReFocus_iOS */,
				FD40D62D35FE4132115B8688 /* ReFocus_macOS */,
			);
		};
/* End PBXProject section */

/* Begin PBXResourcesBuildPhase section */
		2B2A1575ED7C28C575E1193D /* Resources */ = {
			isa = PBXResourcesBuildPhase;
			buildActionMask = 2147483647;
			files = (
				ADBB92A26915364AA530CD0C /* Assets.xcassets in Resources */,
			);
			runOnlyForDeploymentPostprocessing = 0;
		};
		C5C947BBD15AAA8FFA4568E5 /* Resources */ = {
			isa = PBXResourcesBuildPhase;
			buildActionMask = 2147483647;
			files = (
				F2408338C9D36B1F51EBCC9F /* Assets.xcassets in Resources */,
			);
			runOnlyForDeploymentPostprocessing = 0;
		};
/* End PBXResourcesBuildPhase section */

/* Begin PBXSourcesBuildPhase section */
		30413C467754DC3AEFF3EC07 /* Sources */ = {
			isa = PBXSourcesBuildPhase;
			buildActionMask = 2147483647;
			files = (
				E70F6F196179338B5CA69DF8 /* AppDelegate.swift in Sources */,
				AD0AE30D5FFC4E3F811BCBCA /* AudioManager.swift in Sources */,
				E8C5086686ECB0ECC89F7325 /* BreakView.swift in Sources */,
				84B22F2F3D838EA40CDF930B /* Colors.swift in Sources */,
				60C1565C42A4C8A241BEC7E7 /* DailyCheckInView.swift in Sources */,
				6A6BAC5E340A8C1B72EF4D68 /* FeedbackView.swift in Sources */,
				3F71D0569E90E337D747AC78 /* FocusMethod.swift in Sources */,
				BEF575C93347A6DF42B66C61 /* FocusSession.swift in Sources */,
				C7F4F44EAC426D520184051D /* FocusView.swift in Sources */,
				83C5BD01A6227B13D0C5EDA3 /* HapticManager.swift in Sources */,
				CCFB3EBA2BC609ED63DF6B25 /* HeatmapView.swift in Sources */,
				554AE91BACA47AE9A1CCD275 /* HomeView.swift in Sources */,
				DFAC1C5C5117BB137F7AD996 /* InterruptionTracker.swift in Sources */,
				7B6422C651847D7D3205EB40 /* MethodPickerView.swift in Sources */,
				4D489ADB0328BF681B41D94B /* MethodSelectionEngine.swift in Sources */,
				2E8D59C5D45B5E44683A6C27 /* NotificationManager.swift in Sources */,
				B03ADF20BB18F007C8930117 /* OnboardingView.swift in Sources */,
				DC063FA73C3380F9814BEF93 /* OrientationManager.swift in Sources */,
				56347472EC61D1F08F8C7D5A /* ProfileEngine.swift in Sources */,
				FCB2B024A4478F23E5C7E20D /* ProfileType.swift in Sources */,
				B343820E22EAED0422197C1D /* ReFocusApp.swift in Sources */,
				707DF2AE197B63EFB61E840B /* RootView.swift in Sources */,
				2699BF8585C4C5D0C1C56C63 /* SessionManager.swift in Sources */,
				5C83178AAFC73627522EB118 /* SummaryView.swift in Sources */,
				71B94C6BF6AD0210DE96C2DE /* Typography.swift in Sources */,
			);
			runOnlyForDeploymentPostprocessing = 0;
		};
		AF375BC7F4439A2CBEBCF5F3 /* Sources */ = {
			isa = PBXSourcesBuildPhase;
			buildActionMask = 2147483647;
			files = (
				504B9630E03F4C8F4A0E7836 /* FocusSessionTests.swift in Sources */,
				F9AEAB157D3B7FEF0BD6BE57 /* InterruptionTrackerTests.swift in Sources */,
				54B480D1B25CE30603CBF68F /* MethodSelectionEngineTests.swift in Sources */,
				8D3D794C7C67DE7EA47AE4AB /* ProfileEngineTests.swift in Sources */,
			);
			runOnlyForDeploymentPostprocessing = 0;
		};
		AF7027F0FF567BA4B5D4D413 /* Sources */ = {
			isa = PBXSourcesBuildPhase;
			buildActionMask = 2147483647;
			files = (
				2FFA7CEC9661F6D08414B741 /* AppDelegate.swift in Sources */,
				5F05FE1A55638A18F674ED75 /* AudioManager.swift in Sources */,
				D0232C5CE3D03626898CABDA /* BreakView.swift in Sources */,
				D726C9EE7568F2AEE82CEA85 /* Colors.swift in Sources */,
				91577DE5ED4FE172F39516BF /* DailyCheckInView.swift in Sources */,
				5CE771651A4C4476658177F6 /* FeedbackView.swift in Sources */,
				F102B5C4F4E050E5F5BDD834 /* FocusMethod.swift in Sources */,
				9BF123671A8E671EF667AD75 /* FocusSession.swift in Sources */,
				90194A36361187DE36164AA8 /* FocusView.swift in Sources */,
				857B2E44E7546DF78F8CC599 /* HapticManager.swift in Sources */,
				332302A3E2F6D4B11C33120F /* HeatmapView.swift in Sources */,
				5332CD4E48FC1E134629D61D /* HomeView.swift in Sources */,
				4A467EAA4DF6218AB7049E2A /* InterruptionTracker.swift in Sources */,
				B78E32F3F9E3B86D8D415220 /* MethodPickerView.swift in Sources */,
				4352589DB660F096069FB5F1 /* MethodSelectionEngine.swift in Sources */,
				B7AB272ECAF1FD664B46A294 /* NotificationManager.swift in Sources */,
				5A37059CB458E86D36157FD8 /* OnboardingView.swift in Sources */,
				8B59BDF6195625B529149D45 /* OrientationManager.swift in Sources */,
				CEE7E61BBBAA598587E7BC96 /* ProfileEngine.swift in Sources */,
				803C60C780928975969F50F2 /* ProfileType.swift in Sources */,
				6370B50C15F2DF4FBA729DD1 /* ReFocusApp.swift in Sources */,
				8C5566379B96A2D37B5BFFD8 /* RootView.swift in Sources */,
				CAC535BBEC12F15DFCF75C3F /* SessionManager.swift in Sources */,
				8A96552D1D2905237F914AC7 /* SummaryView.swift in Sources */,
				DCB6A5850B915268E8A9B1C6 /* Typography.swift in Sources */,
			);
			runOnlyForDeploymentPostprocessing = 0;
		};
/* End PBXSourcesBuildPhase section */

/* Begin PBXTargetDependency section */
		B2DD22EDE85AC8C4BC91CE16 /* PBXTargetDependency */ = {
			isa = PBXTargetDependency;
			target = C0DF35E7419B4D1018B5C66F /* ReFocus_iOS */;
			targetProxy = 5A0FDCFB476687FDFA5BC62D /* PBXContainerItemProxy */;
		};
/* End PBXTargetDependency section */

/* Begin XCBuildConfiguration section */
		5508CE22A5B5DABA278266C7 /* Release */ = {
			isa = XCBuildConfiguration;
			buildSettings = {
				ALWAYS_SEARCH_USER_PATHS = NO;
				CLANG_ANALYZER_NONNULL = YES;
				CLANG_ANALYZER_NUMBER_OBJECT_CONVERSION = YES_AGGRESSIVE;
				CLANG_CXX_LANGUAGE_STANDARD = "gnu++14";
				CLANG_CXX_LIBRARY = "libc++";
				CLANG_ENABLE_MODULES = YES;
				CLANG_ENABLE_OBJC_ARC = YES;
				CLANG_ENABLE_OBJC_WEAK = YES;
				CLANG_WARN_BLOCK_CAPTURE_AUTORELEASING = YES;
				CLANG_WARN_BOOL_CONVERSION = YES;
				CLANG_WARN_COMMA = YES;
				CLANG_WARN_CONSTANT_CONVERSION = YES;
				CLANG_WARN_DEPRECATED_OBJC_IMPLEMENTATIONS = YES;
				CLANG_WARN_DIRECT_OBJC_ISA_USAGE = YES_ERROR;
				CLANG_WARN_DOCUMENTATION_COMMENTS = YES;
				CLANG_WARN_EMPTY_BODY = YES;
				CLANG_WARN_ENUM_CONVERSION = YES;
				CLANG_WARN_INFINITE_RECURSION = YES;
				CLANG_WARN_INT_CONVERSION = YES;
				CLANG_WARN_NON_LITERAL_NULL_CONVERSION = YES;
				CLANG_WARN_OBJC_IMPLICIT_RETAIN_SELF = YES;
				CLANG_WARN_OBJC_LITERAL_CONVERSION = YES;
				CLANG_WARN_OBJC_ROOT_CLASS = YES_ERROR;
				CLANG_WARN_QUOTED_INCLUDE_IN_FRAMEWORK_HEADER = YES;
				CLANG_WARN_RANGE_LOOP_ANALYSIS = YES;
				CLANG_WARN_STRICT_PROTOTYPES = YES;
				CLANG_WARN_SUSPICIOUS_MOVE = YES;
				CLANG_WARN_UNGUARDED_AVAILABILITY = YES_AGGRESSIVE;
				CLANG_WARN_UNREACHABLE_CODE = YES;
				CLANG_WARN__DUPLICATE_METHOD_MATCH = YES;
				COPY_PHASE_STRIP = NO;
				DEBUG_INFORMATION_FORMAT = "dwarf-with-dsym";
				ENABLE_NS_ASSERTIONS = NO;
				ENABLE_STRICT_OBJC_MSGSEND = YES;
				GCC_C_LANGUAGE_STANDARD = gnu11;
				GCC_NO_COMMON_BLOCKS = YES;
				GCC_WARN_64_TO_32_BIT_CONVERSION = YES;
				GCC_WARN_ABOUT_RETURN_TYPE = YES_ERROR;
				GCC_WARN_UNDECLARED_SELECTOR = YES;
				GCC_WARN_UNINITIALIZED_AUTOS = YES_AGGRESSIVE;
				GCC_WARN_UNUSED_FUNCTION = YES;
				GCC_WARN_UNUSED_VARIABLE = YES;
				IPHONEOS_DEPLOYMENT_TARGET = 17.0;
				MACOSX_DEPLOYMENT_TARGET = 14.0;
				MTL_ENABLE_DEBUG_INFO = NO;
				MTL_FAST_MATH = YES;
				PRODUCT_NAME = "$(TARGET_NAME)";
				SWIFT_COMPILATION_MODE = wholemodule;
				SWIFT_OPTIMIZATION_LEVEL = "-O";
				SWIFT_VERSION = 5.9;
			};
			name = Release;
		};
		5C0B54C6A0DDEA0E789E8031 /* Debug */ = {
			isa = XCBuildConfiguration;
			buildSettings = {
				ASSETCATALOG_COMPILER_APPICON_NAME = AppIcon;
				CODE_SIGN_STYLE = Automatic;
				COMBINE_HIDPI_IMAGES = YES;
				DEVELOPMENT_TEAM = "";
				INFOPLIST_FILE = Sources/ReFocus/Info.plist;
				IPHONEOS_DEPLOYMENT_TARGET = 17.0;
				LD_RUNPATH_SEARCH_PATHS = (
					"$(inherited)",
					"@executable_path/../Frameworks",
				);
				MACOSX_DEPLOYMENT_TARGET = 14.0;
				PRODUCT_BUNDLE_IDENTIFIER = com.refocus.app;
				PRODUCT_NAME = ReFocus;
				SDKROOT = macosx;
				SUPPORTS_MACCATALYST = NO;
				SWIFT_VERSION = 5.9;
				TARGETED_DEVICE_FAMILY = "1,2";
			};
			name = Debug;
		};
		7F400D8B0EE2AD83CCDF8FFD /* Release */ = {
			isa = XCBuildConfiguration;
			buildSettings = {
				ASSETCATALOG_COMPILER_APPICON_NAME = AppIcon;
				CODE_SIGN_STYLE = Automatic;
				COMBINE_HIDPI_IMAGES = YES;
				DEVELOPMENT_TEAM = "";
				INFOPLIST_FILE = Sources/ReFocus/Info.plist;
				IPHONEOS_DEPLOYMENT_TARGET = 17.0;
				LD_RUNPATH_SEARCH_PATHS = (
					"$(inherited)",
					"@executable_path/../Frameworks",
				);
				MACOSX_DEPLOYMENT_TARGET = 14.0;
				PRODUCT_BUNDLE_IDENTIFIER = com.refocus.app;
				PRODUCT_NAME = ReFocus;
				SDKROOT = macosx;
				SUPPORTS_MACCATALYST = NO;
				SWIFT_VERSION = 5.9;
				TARGETED_DEVICE_FAMILY = "1,2";
			};
			name = Release;
		};
		818C6E223A4C34E2676D2C6A /* Debug */ = {
			isa = XCBuildConfiguration;
			buildSettings = {
				ALWAYS_SEARCH_USER_PATHS = NO;
				CLANG_ANALYZER_NONNULL = YES;
				CLANG_ANALYZER_NUMBER_OBJECT_CONVERSION = YES_AGGRESSIVE;
				CLANG_CXX_LANGUAGE_STANDARD = "gnu++14";
				CLANG_CXX_LIBRARY = "libc++";
				CLANG_ENABLE_MODULES = YES;
				CLANG_ENABLE_OBJC_ARC = YES;
				CLANG_ENABLE_OBJC_WEAK = YES;
				CLANG_WARN_BLOCK_CAPTURE_AUTORELEASING = YES;
				CLANG_WARN_BOOL_CONVERSION = YES;
				CLANG_WARN_COMMA = YES;
				CLANG_WARN_CONSTANT_CONVERSION = YES;
				CLANG_WARN_DEPRECATED_OBJC_IMPLEMENTATIONS = YES;
				CLANG_WARN_DIRECT_OBJC_ISA_USAGE = YES_ERROR;
				CLANG_WARN_DOCUMENTATION_COMMENTS = YES;
				CLANG_WARN_EMPTY_BODY = YES;
				CLANG_WARN_ENUM_CONVERSION = YES;
				CLANG_WARN_INFINITE_RECURSION = YES;
				CLANG_WARN_INT_CONVERSION = YES;
				CLANG_WARN_NON_LITERAL_NULL_CONVERSION = YES;
				CLANG_WARN_OBJC_IMPLICIT_RETAIN_SELF = YES;
				CLANG_WARN_OBJC_LITERAL_CONVERSION = YES;
				CLANG_WARN_OBJC_ROOT_CLASS = YES_ERROR;
				CLANG_WARN_QUOTED_INCLUDE_IN_FRAMEWORK_HEADER = YES;
				CLANG_WARN_RANGE_LOOP_ANALYSIS = YES;
				CLANG_WARN_STRICT_PROTOTYPES = YES;
				CLANG_WARN_SUSPICIOUS_MOVE = YES;
				CLANG_WARN_UNGUARDED_AVAILABILITY = YES_AGGRESSIVE;
				CLANG_WARN_UNREACHABLE_CODE = YES;
				CLANG_WARN__DUPLICATE_METHOD_MATCH = YES;
				COPY_PHASE_STRIP = NO;
				DEBUG_INFORMATION_FORMAT = dwarf;
				ENABLE_STRICT_OBJC_MSGSEND = YES;
				ENABLE_TESTABILITY = YES;
				GCC_C_LANGUAGE_STANDARD = gnu11;
				GCC_DYNAMIC_NO_PIC = NO;
				GCC_NO_COMMON_BLOCKS = YES;
				GCC_OPTIMIZATION_LEVEL = 0;
				GCC_PREPROCESSOR_DEFINITIONS = (
					"$(inherited)",
					"DEBUG=1",
				);
				GCC_WARN_64_TO_32_BIT_CONVERSION = YES;
				GCC_WARN_ABOUT_RETURN_TYPE = YES_ERROR;
				GCC_WARN_UNDECLARED_SELECTOR = YES;
				GCC_WARN_UNINITIALIZED_AUTOS = YES_AGGRESSIVE;
				GCC_WARN_UNUSED_FUNCTION = YES;
				GCC_WARN_UNUSED_VARIABLE = YES;
				IPHONEOS_DEPLOYMENT_TARGET = 17.0;
				MACOSX_DEPLOYMENT_TARGET = 14.0;
				MTL_ENABLE_DEBUG_INFO = INCLUDE_SOURCE;
				MTL_FAST_MATH = YES;
				ONLY_ACTIVE_ARCH = YES;
				PRODUCT_NAME = "$(TARGET_NAME)";
				SWIFT_ACTIVE_COMPILATION_CONDITIONS = DEBUG;
				SWIFT_OPTIMIZATION_LEVEL = "-Onone";
				SWIFT_VERSION = 5.9;
			};
			name = Debug;
		};
		84BD4652C1FD443BC75FF3FF /* Release */ = {
			isa = XCBuildConfiguration;
			buildSettings = {
				ASSETCATALOG_COMPILER_APPICON_NAME = AppIcon;
				CODE_SIGN_IDENTITY = "iPhone Developer";
				CODE_SIGN_STYLE = Automatic;
				DEVELOPMENT_TEAM = "";
				INFOPLIST_FILE = Sources/ReFocus/Info.plist;
				IPHONEOS_DEPLOYMENT_TARGET = 17.0;
				LD_RUNPATH_SEARCH_PATHS = (
					"$(inherited)",
					"@executable_path/Frameworks",
				);
				MACOSX_DEPLOYMENT_TARGET = 14.0;
				PRODUCT_BUNDLE_IDENTIFIER = com.refocus.app;
				PRODUCT_NAME = ReFocus;
				SDKROOT = iphoneos;
				SUPPORTS_MACCATALYST = NO;
				SWIFT_VERSION = 5.9;
				TARGETED_DEVICE_FAMILY = "1,2";
			};
			name = Release;
		};
		B688AA44B4C201CC6687F0A5 /* Debug */ = {
			isa = XCBuildConfiguration;
			buildSettings = {
				BUNDLE_LOADER = "$(TEST_HOST)";
				GENERATE_INFOPLIST_FILE = YES;
				LD_RUNPATH_SEARCH_PATHS = (
					"$(inherited)",
					"@executable_path/Frameworks",
					"@loader_path/Frameworks",
				);
				PRODUCT_BUNDLE_IDENTIFIER = com.refocus.tests;
				SDKROOT = iphoneos;
				SWIFT_VERSION = 5.9;
				TARGETED_DEVICE_FAMILY = "1,2";
				TEST_HOST = "$(BUILT_PRODUCTS_DIR)/ReFocus.app/ReFocus";
			};
			name = Debug;
		};
		DECC22655ABF31BADF208ECF /* Debug */ = {
			isa = XCBuildConfiguration;
			buildSettings = {
				ASSETCATALOG_COMPILER_APPICON_NAME = AppIcon;
				CODE_SIGN_IDENTITY = "iPhone Developer";
				CODE_SIGN_STYLE = Automatic;
				DEVELOPMENT_TEAM = "";
				INFOPLIST_FILE = Sources/ReFocus/Info.plist;
				IPHONEOS_DEPLOYMENT_TARGET = 17.0;
				LD_RUNPATH_SEARCH_PATHS = (
					"$(inherited)",
					"@executable_path/Frameworks",
				);
				MACOSX_DEPLOYMENT_TARGET = 14.0;
				PRODUCT_BUNDLE_IDENTIFIER = com.refocus.app;
				PRODUCT_NAME = ReFocus;
				SDKROOT = iphoneos;
				SUPPORTS_MACCATALYST = NO;
				SWIFT_VERSION = 5.9;
				TARGETED_DEVICE_FAMILY = "1,2";
			};
			name = Debug;
		};
		E5EA7B75F475C90514BDFD34 /* Release */ = {
			isa = XCBuildConfiguration;
			buildSettings = {
				BUNDLE_LOADER = "$(TEST_HOST)";
				GENERATE_INFOPLIST_FILE = YES;
				LD_RUNPATH_SEARCH_PATHS = (
					"$(inherited)",
					"@executable_path/Frameworks",
					"@loader_path/Frameworks",
				);
				PRODUCT_BUNDLE_IDENTIFIER = com.refocus.tests;
				SDKROOT = iphoneos;
				SWIFT_VERSION = 5.9;
				TARGETED_DEVICE_FAMILY = "1,2";
				TEST_HOST = "$(BUILT_PRODUCTS_DIR)/ReFocus.app/ReFocus";
			};
			name = Release;
		};
/* End XCBuildConfiguration section */

/* Begin XCConfigurationList section */
		0146B8AE0FC13BAC70F8424C /* Build configuration list for PBXNativeTarget "ReFocus_macOS" */ = {
			isa = XCConfigurationList;
			buildConfigurations = (
				5C0B54C6A0DDEA0E789E8031 /* Debug */,
				7F400D8B0EE2AD83CCDF8FFD /* Release */,
			);
			defaultConfigurationIsVisible = 0;
			defaultConfigurationName = Debug;
		};
		1794D54717BB0BA5899AADA4 /* Build configuration list for PBXProject "ReFocus" */ = {
			isa = XCConfigurationList;
			buildConfigurations = (
				818C6E223A4C34E2676D2C6A /* Debug */,
				5508CE22A5B5DABA278266C7 /* Release */,
			);
			defaultConfigurationIsVisible = 0;
			defaultConfigurationName = Debug;
		};
		97CF4658E3CB4CDA61D5944C /* Build configuration list for PBXNativeTarget "ReFocus_iOS" */ = {
			isa = XCConfigurationList;
			buildConfigurations = (
				DECC22655ABF31BADF208ECF /* Debug */,
				84BD4652C1FD443BC75FF3FF /* Release */,
			);
			defaultConfigurationIsVisible = 0;
			defaultConfigurationName = Debug;
		};
		AE4E3DF258D8386A78D117D1 /* Build configuration list for PBXNativeTarget "ReFocusTests" */ = {
			isa = XCConfigurationList;
			buildConfigurations = (
				B688AA44B4C201CC6687F0A5 /* Debug */,
				E5EA7B75F475C90514BDFD34 /* Release */,
			);
			defaultConfigurationIsVisible = 0;
			defaultConfigurationName = Debug;
		};
/* End XCConfigurationList section */
	};
	rootObject = F8FFB5F7CC2262CA38969DFF /* Project object */;
}
